// !$*UTF8*$!
{
	archiveVersion = 1;
	classes = {
	};
	objectVersion = 55;
	objects = {

/* Begin PBXBuildFile section */
		3914883406BD615A8F4D5DEC /* Pods_final_project_shopping.framework in Frameworks */ = {isa = PBXBuildFile; fileRef = 4CCB36A0B60F99CBF069F4B3 /* Pods_final_project_shopping.framework */; };
		5A27C6F22917D1C200D5ED3C /* HomeTableViewCell.swift in Sources */ = {isa = PBXBuildFile; fileRef = 5A27C6F12917D1C200D5ED3C /* HomeTableViewCell.swift */; };
		5A27C6F62917D3E500D5ED3C /* ShoppingModel.swift in Sources */ = {isa = PBXBuildFile; fileRef = 5A27C6F52917D3E500D5ED3C /* ShoppingModel.swift */; };
		5A27C6F82917D43400D5ED3C /* Webservice.swift in Sources */ = {isa = PBXBuildFile; fileRef = 5A27C6F72917D43400D5ED3C /* Webservice.swift */; };
		5A27C6FA2917D51C00D5ED3C /* ShoppingViewModel.swift in Sources */ = {isa = PBXBuildFile; fileRef = 5A27C6F92917D51C00D5ED3C /* ShoppingViewModel.swift */; };
		5A27C6FC2917DA2C00D5ED3C /* DetailViewController.swift in Sources */ = {isa = PBXBuildFile; fileRef = 5A27C6FB2917DA2C00D5ED3C /* DetailViewController.swift */; };
		5A3450AD2917C1E700F2D1EE /* AppDelegate.swift in Sources */ = {isa = PBXBuildFile; fileRef = 5A3450AC2917C1E700F2D1EE /* AppDelegate.swift */; };
		5A3450AF2917C1E700F2D1EE /* SceneDelegate.swift in Sources */ = {isa = PBXBuildFile; fileRef = 5A3450AE2917C1E700F2D1EE /* SceneDelegate.swift */; };
		5A3450B12917C1E700F2D1EE /* ViewController.swift in Sources */ = {isa = PBXBuildFile; fileRef = 5A3450B02917C1E700F2D1EE /* ViewController.swift */; };
		5A3450B42917C1E700F2D1EE /* Main.storyboard in Resources */ = {isa = PBXBuildFile; fileRef = 5A3450B22917C1E700F2D1EE /* Main.storyboard */; };
		5A3450B62917C1E900F2D1EE /* Assets.xcassets in Resources */ = {isa = PBXBuildFile; fileRef = 5A3450B52917C1E900F2D1EE /* Assets.xcassets */; };
		5A3450B92917C1E900F2D1EE /* LaunchScreen.storyboard in Resources */ = {isa = PBXBuildFile; fileRef = 5A3450B72917C1E900F2D1EE /* LaunchScreen.storyboard */; };
		5A70AA082917C8AE008C2F71 /* HomeViewController.swift in Sources */ = {isa = PBXBuildFile; fileRef = 5A70AA072917C8AE008C2F71 /* HomeViewController.swift */; };
		5A70AA0A2917C8BA008C2F71 /* SearchViewController.swift in Sources */ = {isa = PBXBuildFile; fileRef = 5A70AA092917C8BA008C2F71 /* SearchViewController.swift */; };
		5A70AA0C2917C8C4008C2F71 /* ProfileViewController.swift in Sources */ = {isa = PBXBuildFile; fileRef = 5A70AA0B2917C8C4008C2F71 /* ProfileViewController.swift */; };
		5A70AA0E2917C8CD008C2F71 /* GoogleService-Info.plist in Resources */ = {isa = PBXBuildFile; fileRef = 5A70AA0D2917C8CD008C2F71 /* GoogleService-Info.plist */; };
/* End PBXBuildFile section */

/* Begin PBXFileReference section */
		4CCB36A0B60F99CBF069F4B3 /* Pods_final_project_shopping.framework */ = {isa = PBXFileReference; explicitFileType = wrapper.framework; includeInIndex = 0; path = Pods_final_project_shopping.framework; sourceTree = BUILT_PRODUCTS_DIR; };
		5A27C6F12917D1C200D5ED3C /* HomeTableViewCell.swift */ = {isa = PBXFileReference; lastKnownFileType = sourcecode.swift; path = HomeTableViewCell.swift; sourceTree = "<group>"; };
		5A27C6F52917D3E500D5ED3C /* ShoppingModel.swift */ = {isa = PBXFileReference; lastKnownFileType = sourcecode.swift; path = ShoppingModel.swift; sourceTree = "<group>"; };
		5A27C6F72917D43400D5ED3C /* Webservice.swift */ = {isa = PBXFileReference; lastKnownFileType = sourcecode.swift; path = Webservice.swift; sourceTree = "<group>"; };
		5A27C6F92917D51C00D5ED3C /* ShoppingViewModel.swift */ = {isa = PBXFileReference; lastKnownFileType = sourcecode.swift; path = ShoppingViewModel.swift; sourceTree = "<group>"; };
		5A27C6FB2917DA2C00D5ED3C /* DetailViewController.swift */ = {isa = PBXFileReference; lastKnownFileType = sourcecode.swift; path = DetailViewController.swift; sourceTree = "<group>"; };
		5A3450A92917C1E700F2D1EE /* final-project-shopping.app */ = {isa = PBXFileReference; explicitFileType = wrapper.application; includeInIndex = 0; path = "final-project-shopping.app"; sourceTree = BUILT_PRODUCTS_DIR; };
		5A3450AC2917C1E700F2D1EE /* AppDelegate.swift */ = {isa = PBXFileReference; lastKnownFileType = sourcecode.swift; path = AppDelegate.swift; sourceTree = "<group>"; };
		5A3450AE2917C1E700F2D1EE /* SceneDelegate.swift */ = {isa = PBXFileReference; lastKnownFileType = sourcecode.swift; path = SceneDelegate.swift; sourceTree = "<group>"; };
		5A3450B02917C1E700F2D1EE /* ViewController.swift */ = {isa = PBXFileReference; lastKnownFileType = sourcecode.swift; path = ViewController.swift; sourceTree = "<group>"; };
		5A3450B32917C1E700F2D1EE /* Base */ = {isa = PBXFileReference; lastKnownFileType = file.storyboard; name = Base; path = Base.lproj/Main.storyboard; sourceTree = "<group>"; };
		5A3450B52917C1E900F2D1EE /* Assets.xcassets */ = {isa = PBXFileReference; lastKnownFileType = folder.assetcatalog; path = Assets.xcassets; sourceTree = "<group>"; };
		5A3450B82917C1E900F2D1EE /* Base */ = {isa = PBXFileReference; lastKnownFileType = file.storyboard; name = Base; path = Base.lproj/LaunchScreen.storyboard; sourceTree = "<group>"; };
		5A3450BA2917C1E900F2D1EE /* Info.plist */ = {isa = PBXFileReference; lastKnownFileType = text.plist.xml; path = Info.plist; sourceTree = "<group>"; };
		5A70AA072917C8AE008C2F71 /* HomeViewController.swift */ = {isa = PBXFileReference; lastKnownFileType = sourcecode.swift; path = HomeViewController.swift; sourceTree = "<group>"; };
		5A70AA092917C8BA008C2F71 /* SearchViewController.swift */ = {isa = PBXFileReference; lastKnownFileType = sourcecode.swift; path = SearchViewController.swift; sourceTree = "<group>"; };
		5A70AA0B2917C8C4008C2F71 /* ProfileViewController.swift */ = {isa = PBXFileReference; lastKnownFileType = sourcecode.swift; path = ProfileViewController.swift; sourceTree = "<group>"; };
		5A70AA0D2917C8CD008C2F71 /* GoogleService-Info.plist */ = {isa = PBXFileReference; fileEncoding = 4; lastKnownFileType = text.plist.xml; path = "GoogleService-Info.plist"; sourceTree = "<group>"; };
		DD3AFF5EB8CC7F8D46A86ACA /* Pods-final-project-shopping.debug.xcconfig */ = {isa = PBXFileReference; includeInIndex = 1; lastKnownFileType = text.xcconfig; name = "Pods-final-project-shopping.debug.xcconfig"; path = "Target Support Files/Pods-final-project-shopping/Pods-final-project-shopping.debug.xcconfig"; sourceTree = "<group>"; };
		F37BC1622194ABCC83F8CC7D /* Pods-final-project-shopping.release.xcconfig */ = {isa = PBXFileReference; includeInIndex = 1; lastKnownFileType = text.xcconfig; name = "Pods-final-project-shopping.release.xcconfig"; path = "Target Support Files/Pods-final-project-shopping/Pods-final-project-shopping.release.xcconfig"; sourceTree = "<group>"; };
/* End PBXFileReference section */

/* Begin PBXFrameworksBuildPhase section */
		5A3450A62917C1E700F2D1EE /* Frameworks */ = {
			isa = PBXFrameworksBuildPhase;
			buildActionMask = 2147483647;
			files = (
				3914883406BD615A8F4D5DEC /* Pods_final_project_shopping.framework in Frameworks */,
			);
			runOnlyForDeploymentPostprocessing = 0;
		};
/* End PBXFrameworksBuildPhase section */

/* Begin PBXGroup section */
		5A27C6FD2918140A00D5ED3C /* Screen */ = {
			isa = PBXGroup;
			children = (
				5A27C7062918148D00D5ED3C /* View */,
				5A27C7052918147A00D5ED3C /* Webservice */,
				5A27C7042918146A00D5ED3C /* ViewModel */,
				5A27C7032918146100D5ED3C /* Model */,
				5A27C7012918143100D5ED3C /* Profile */,
				5A27C7002918142C00D5ED3C /* Search */,
				5A27C6FF2918142700D5ED3C /* Home */,
				5A27C6FE2918142100D5ED3C /* Auth */,
			);
			path = Screen;
			sourceTree = "<group>";
		};
		5A27C6FE2918142100D5ED3C /* Auth */ = {
			isa = PBXGroup;
			children = (
				5A3450B02917C1E700F2D1EE /* ViewController.swift */,
			);
			path = Auth;
			sourceTree = "<group>";
		};
		5A27C6FF2918142700D5ED3C /* Home */ = {
			isa = PBXGroup;
			children = (
				5A70AA072917C8AE008C2F71 /* HomeViewController.swift */,
				5A27C6F12917D1C200D5ED3C /* HomeTableViewCell.swift */,
				5A27C7022918143900D5ED3C /* Detail */,
			);
			path = Home;
			sourceTree = "<group>";
		};
		5A27C7002918142C00D5ED3C /* Search */ = {
			isa = PBXGroup;
			children = (
				5A70AA092917C8BA008C2F71 /* SearchViewController.swift */,
			);
			path = Search;
			sourceTree = "<group>";
		};
		5A27C7012918143100D5ED3C /* Profile */ = {
			isa = PBXGroup;
			children = (
				5A70AA0B2917C8C4008C2F71 /* ProfileViewController.swift */,
			);
			path = Profile;
			sourceTree = "<group>";
		};
		5A27C7022918143900D5ED3C /* Detail */ = {
			isa = PBXGroup;
			children = (
				5A27C6FB2917DA2C00D5ED3C /* DetailViewController.swift */,
			);
			path = Detail;
			sourceTree = "<group>";
		};
		5A27C7032918146100D5ED3C /* Model */ = {
			isa = PBXGroup;
			children = (
				5A27C6F52917D3E500D5ED3C /* ShoppingModel.swift */,
			);
			path = Model;
			sourceTree = "<group>";
		};
		5A27C7042918146A00D5ED3C /* ViewModel */ = {
			isa = PBXGroup;
			children = (
				5A27C6F92917D51C00D5ED3C /* ShoppingViewModel.swift */,
			);
			path = ViewModel;
			sourceTree = "<group>";
		};
		5A27C7052918147A00D5ED3C /* Webservice */ = {
			isa = PBXGroup;
			children = (
				5A27C6F72917D43400D5ED3C /* Webservice.swift */,
			);
			path = Webservice;
			sourceTree = "<group>";
		};
		5A27C7062918148D00D5ED3C /* View */ = {
			isa = PBXGroup;
			children = (
				5A3450B22917C1E700F2D1EE /* Main.storyboard */,
			);
			path = View;
			sourceTree = "<group>";
		};
		5A27C7072918149A00D5ED3C /* App */ = {
			isa = PBXGroup;
			children = (
				5A27C70B291814E600D5ED3C /* Plists */,
				5A27C70A291814B100D5ED3C /* View */,
				5A27C709291814A900D5ED3C /* Assets */,
				5A27C708291814A100D5ED3C /* Delegate */,
			);
			path = App;
			sourceTree = "<group>";
		};
		5A27C708291814A100D5ED3C /* Delegate */ = {
			isa = PBXGroup;
			children = (
				5A3450AC2917C1E700F2D1EE /* AppDelegate.swift */,
				5A3450AE2917C1E700F2D1EE /* SceneDelegate.swift */,
			);
			path = Delegate;
			sourceTree = "<group>";
		};
		5A27C709291814A900D5ED3C /* Assets */ = {
			isa = PBXGroup;
			children = (
				5A3450B52917C1E900F2D1EE /* Assets.xcassets */,
			);
			path = Assets;
			sourceTree = "<group>";
		};
		5A27C70A291814B100D5ED3C /* View */ = {
			isa = PBXGroup;
			children = (
				5A3450B72917C1E900F2D1EE /* LaunchScreen.storyboard */,
			);
			path = View;
			sourceTree = "<group>";
		};
		5A27C70B291814E600D5ED3C /* Plists */ = {
			isa = PBXGroup;
			children = (
				5A70AA0D2917C8CD008C2F71 /* GoogleService-Info.plist */,
				5A3450BA2917C1E900F2D1EE /* Info.plist */,
			);
			path = Plists;
			sourceTree = "<group>";
		};
		5A3450A02917C1E700F2D1EE = {
			isa = PBXGroup;
			children = (
				5A3450AB2917C1E700F2D1EE /* final-project-shopping */,
				5A3450AA2917C1E700F2D1EE /* Products */,
				88004F18E7E13D627E300CF7 /* Pods */,
				B3B9228386561DA3DBC17C5C /* Frameworks */,
			);
			sourceTree = "<group>";
		};
		5A3450AA2917C1E700F2D1EE /* Products */ = {
			isa = PBXGroup;
			children = (
				5A3450A92917C1E700F2D1EE /* final-project-shopping.app */,
			);
			name = Products;
			sourceTree = "<group>";
		};
		5A3450AB2917C1E700F2D1EE /* final-project-shopping */ = {
			isa = PBXGroup;
			children = (
				5A27C7072918149A00D5ED3C /* App */,
				5A27C6FD2918140A00D5ED3C /* Screen */,
			);
			path = "final-project-shopping";
			sourceTree = "<group>";
		};
		88004F18E7E13D627E300CF7 /* Pods */ = {
			isa = PBXGroup;
			children = (
				DD3AFF5EB8CC7F8D46A86ACA /* Pods-final-project-shopping.debug.xcconfig */,
				F37BC1622194ABCC83F8CC7D /* Pods-final-project-shopping.release.xcconfig */,
			);
			path = Pods;
			sourceTree = "<group>";
		};
		B3B9228386561DA3DBC17C5C /* Frameworks */ = {
			isa = PBXGroup;
			children = (
				4CCB36A0B60F99CBF069F4B3 /* Pods_final_project_shopping.framework */,
			);
			name = Frameworks;
			sourceTree = "<group>";
		};
/* End PBXGroup section */

/* Begin PBXNativeTarget section */
		5A3450A82917C1E700F2D1EE /* final-project-shopping */ = {
			isa = PBXNativeTarget;
			buildConfigurationList = 5A3450BD2917C1E900F2D1EE /* Build configuration list for PBXNativeTarget "final-project-shopping" */;
			buildPhases = (
				709CFCEA1158728B91C7E453 /* [CP] Check Pods Manifest.lock */,
				5A3450A52917C1E700F2D1EE /* Sources */,
				5A3450A62917C1E700F2D1EE /* Frameworks */,
				5A3450A72917C1E700F2D1EE /* Resources */,
				4282C25F8C7DDCD69706DC50 /* [CP] Embed Pods Frameworks */,
			);
			buildRules = (
			);
			dependencies = (
			);
			name = "final-project-shopping";
			productName = "final-project-shopping";
			productReference = 5A3450A92917C1E700F2D1EE /* final-project-shopping.app */;
			productType = "com.apple.product-type.application";
		};
/* End PBXNativeTarget section */

/* Begin PBXProject section */
		5A3450A12917C1E700F2D1EE /* Project object */ = {
			isa = PBXProject;
			attributes = {
				BuildIndependentTargetsInParallel = 1;
				LastSwiftUpdateCheck = 1340;
				LastUpgradeCheck = 1340;
				TargetAttributes = {
					5A3450A82917C1E700F2D1EE = {
						CreatedOnToolsVersion = 13.4;
					};
				};
			};
			buildConfigurationList = 5A3450A42917C1E700F2D1EE /* Build configuration list for PBXProject "final-project-shopping" */;
			compatibilityVersion = "Xcode 13.0";
			developmentRegion = en;
			hasScannedForEncodings = 0;
			knownRegions = (
				en,
				Base,
			);
			mainGroup = 5A3450A02917C1E700F2D1EE;
			productRefGroup = 5A3450AA2917C1E700F2D1EE /* Products */;
			projectDirPath = "";
			projectRoot = "";
			targets = (
				5A3450A82917C1E700F2D1EE /* final-project-shopping */,
			);
		};
/* End PBXProject section */

/* Begin PBXResourcesBuildPhase section */
		5A3450A72917C1E700F2D1EE /* Resources */ = {
			isa = PBXResourcesBuildPhase;
			buildActionMask = 2147483647;
			files = (
				5A3450B92917C1E900F2D1EE /* LaunchScreen.storyboard in Resources */,
				5A70AA0E2917C8CD008C2F71 /* GoogleService-Info.plist in Resources */,
				5A3450B62917C1E900F2D1EE /* Assets.xcassets in Resources */,
				5A3450B42917C1E700F2D1EE /* Main.storyboard in Resources */,
			);
			runOnlyForDeploymentPostprocessing = 0;
		};
/* End PBXResourcesBuildPhase section */

/* Begin PBXShellScriptBuildPhase section */
		4282C25F8C7DDCD69706DC50 /* [CP] Embed Pods Frameworks */ = {
			isa = PBXShellScriptBuildPhase;
			buildActionMask = 2147483647;
			files = (
			);
			inputFileListPaths = (
				"${PODS_ROOT}/Target Support Files/Pods-final-project-shopping/Pods-final-project-shopping-frameworks-${CONFIGURATION}-input-files.xcfilelist",
			);
			name = "[CP] Embed Pods Frameworks";
			outputFileListPaths = (
				"${PODS_ROOT}/Target Support Files/Pods-final-project-shopping/Pods-final-project-shopping-frameworks-${CONFIGURATION}-output-files.xcfilelist",
			);
			runOnlyForDeploymentPostprocessing = 0;
			shellPath = /bin/sh;
			shellScript = "\"${PODS_ROOT}/Target Support Files/Pods-final-project-shopping/Pods-final-project-shopping-frameworks.sh\"\n";
			showEnvVarsInLog = 0;
		};
		709CFCEA1158728B91C7E453 /* [CP] Check Pods Manifest.lock */ = {
			isa = PBXShellScriptBuildPhase;
			buildActionMask = 2147483647;
			files = (
			);
			inputFileListPaths = (
			);
			inputPaths = (
				"${PODS_PODFILE_DIR_PATH}/Podfile.lock",
				"${PODS_ROOT}/Manifest.lock",
			);
			name = "[CP] Check Pods Manifest.lock";
			outputFileListPaths = (
			);
			outputPaths = (
				"$(DERIVED_FILE_DIR)/Pods-final-project-shopping-checkManifestLockResult.txt",
			);
			runOnlyForDeploymentPostprocessing = 0;
			shellPath = /bin/sh;
			shellScript = "diff \"${PODS_PODFILE_DIR_PATH}/Podfile.lock\" \"${PODS_ROOT}/Manifest.lock\" > /dev/null\nif [ $? != 0 ] ; then\n    # print error to STDERR\n    echo \"error: The sandbox is not in sync with the Podfile.lock. Run 'pod install' or update your CocoaPods installation.\" >&2\n    exit 1\nfi\n# This output is used by Xcode 'outputs' to avoid re-running this script phase.\necho \"SUCCESS\" > \"${SCRIPT_OUTPUT_FILE_0}\"\n";
			showEnvVarsInLog = 0;
		};
/* End PBXShellScriptBuildPhase section */

/* Begin PBXSourcesBuildPhase section */
		5A3450A52917C1E700F2D1EE /* Sources */ = {
			isa = PBXSourcesBuildPhase;
			buildActionMask = 2147483647;
			files = (
				5A27C6FC2917DA2C00D5ED3C /* DetailViewController.swift in Sources */,
				5A70AA0C2917C8C4008C2F71 /* ProfileViewController.swift in Sources */,
				5A70AA0A2917C8BA008C2F71 /* SearchViewController.swift in Sources */,
				5A27C6FA2917D51C00D5ED3C /* ShoppingViewModel.swift in Sources */,
				5A27C6F22917D1C200D5ED3C /* HomeTableViewCell.swift in Sources */,
				5A3450B12917C1E700F2D1EE /* ViewController.swift in Sources */,
				5A3450AD2917C1E700F2D1EE /* AppDelegate.swift in Sources */,
				5A3450AF2917C1E700F2D1EE /* SceneDelegate.swift in Sources */,
				5A70AA082917C8AE008C2F71 /* HomeViewController.swift in Sources */,
				5A27C6F62917D3E500D5ED3C /* ShoppingModel.swift in Sources */,
				5A27C6F82917D43400D5ED3C /* Webservice.swift in Sources */,
			);
			runOnlyForDeploymentPostprocessing = 0;
		};
/* End PBXSourcesBuildPhase section */

/* Begin PBXVariantGroup section */
		5A3450B22917C1E700F2D1EE /* Main.storyboard */ = {
			isa = PBXVariantGroup;
			children = (
				5A3450B32917C1E700F2D1EE /* Base */,
			);
			name = Main.storyboard;
			sourceTree = "<group>";
		};
		5A3450B72917C1E900F2D1EE /* LaunchScreen.storyboard */ = {
			isa = PBXVariantGroup;
			children = (
				5A3450B82917C1E900F2D1EE /* Base */,
			);
			name = LaunchScreen.storyboard;
			sourceTree = "<group>";
		};
/* End PBXVariantGroup section */

/* Begin XCBuildConfiguration section */
		5A3450BB2917C1E900F2D1EE /* Debug */ = {
			isa = XCBuildConfiguration;
			buildSettings = {
				ALWAYS_SEARCH_USER_PATHS = NO;
				CLANG_ANALYZER_NONNULL = YES;
				CLANG_ANALYZER_NUMBER_OBJECT_CONVERSION = YES_AGGRESSIVE;
				CLANG_CXX_LANGUAGE_STANDARD = "gnu++17";
				CLANG_ENABLE_MODULES = YES;
				CLANG_ENABLE_OBJC_ARC = YES;
				CLANG_ENABLE_OBJC_WEAK = YES;
				CLANG_WARN_BLOCK_CAPTURE_AUTORELEASING = YES;
				CLANG_WARN_BOOL_CONVERSION = YES;
				CLANG_WARN_COMMA = YES;
				CLANG_WARN_CONSTANT_CONVERSION = YES;
				CLANG_WARN_DEPRECATED_OBJC_IMPLEMENTATIONS = YES;
				CLANG_WARN_DIRECT_OBJC_ISA_USAGE = YES_ERROR;
				CLANG_WARN_DOCUMENTATION_COMMENTS = YES;
				CLANG_WARN_EMPTY_BODY = YES;
				CLANG_WARN_ENUM_CONVERSION = YES;
				CLANG_WARN_INFINITE_RECURSION = YES;
				CLANG_WARN_INT_CONVERSION = YES;
				CLANG_WARN_NON_LITERAL_NULL_CONVERSION = YES;
				CLANG_WARN_OBJC_IMPLICIT_RETAIN_SELF = YES;
				CLANG_WARN_OBJC_LITERAL_CONVERSION = YES;
				CLANG_WARN_OBJC_ROOT_CLASS = YES_ERROR;
				CLANG_WARN_QUOTED_INCLUDE_IN_FRAMEWORK_HEADER = YES;
				CLANG_WARN_RANGE_LOOP_ANALYSIS = YES;
				CLANG_WARN_STRICT_PROTOTYPES = YES;
				CLANG_WARN_SUSPICIOUS_MOVE = YES;
				CLANG_WARN_UNGUARDED_AVAILABILITY = YES_AGGRESSIVE;
				CLANG_WARN_UNREACHABLE_CODE = YES;
				CLANG_WARN__DUPLICATE_METHOD_MATCH = YES;
				COPY_PHASE_STRIP = NO;
				DEBUG_INFORMATION_FORMAT = dwarf;
				ENABLE_STRICT_OBJC_MSGSEND = YES;
				ENABLE_TESTABILITY = YES;
				GCC_C_LANGUAGE_STANDARD = gnu11;
				GCC_DYNAMIC_NO_PIC = NO;
				GCC_NO_COMMON_BLOCKS = YES;
				GCC_OPTIMIZATION_LEVEL = 0;
				GCC_PREPROCESSOR_DEFINITIONS = (
					"DEBUG=1",
					"$(inherited)",
				);
				GCC_WARN_64_TO_32_BIT_CONVERSION = YES;
				GCC_WARN_ABOUT_RETURN_TYPE = YES_ERROR;
				GCC_WARN_UNDECLARED_SELECTOR = YES;
				GCC_WARN_UNINITIALIZED_AUTOS = YES_AGGRESSIVE;
				GCC_WARN_UNUSED_FUNCTION = YES;
				GCC_WARN_UNUSED_VARIABLE = YES;
				IPHONEOS_DEPLOYMENT_TARGET = 15.5;
				MTL_ENABLE_DEBUG_INFO = INCLUDE_SOURCE;
				MTL_FAST_MATH = YES;
				ONLY_ACTIVE_ARCH = YES;
				SDKROOT = iphoneos;
				SWIFT_ACTIVE_COMPILATION_CONDITIONS = DEBUG;
				SWIFT_OPTIMIZATION_LEVEL = "-Onone";
			};
			name = Debug;
		};
		5A3450BC2917C1E900F2D1EE /* Release */ = {
			isa = XCBuildConfiguration;
			buildSettings = {
				ALWAYS_SEARCH_USER_PATHS = NO;
				CLANG_ANALYZER_NONNULL = YES;
				CLANG_ANALYZER_NUMBER_OBJECT_CONVERSION = YES_AGGRESSIVE;
				CLANG_CXX_LANGUAGE_STANDARD = "gnu++17";
				CLANG_ENABLE_MODULES = YES;
				CLANG_ENABLE_OBJC_ARC = YES;
				CLANG_ENABLE_OBJC_WEAK = YES;
				CLANG_WARN_BLOCK_CAPTURE_AUTORELEASING = YES;
				CLANG_WARN_BOOL_CONVERSION = YES;
				CLANG_WARN_COMMA = YES;
				CLANG_WARN_CONSTANT_CONVERSION = YES;
				CLANG_WARN_DEPRECATED_OBJC_IMPLEMENTATIONS = YES;
				CLANG_WARN_DIRECT_OBJC_ISA_USAGE = YES_ERROR;
				CLANG_WARN_DOCUMENTATION_COMMENTS = YES;
				CLANG_WARN_EMPTY_BODY = YES;
				CLANG_WARN_ENUM_CONVERSION = YES;
				CLANG_WARN_INFINITE_RECURSION = YES;
				CLANG_WARN_INT_CONVERSION = YES;
				CLANG_WARN_NON_LITERAL_NULL_CONVERSION = YES;
				CLANG_WARN_OBJC_IMPLICIT_RETAIN_SELF = YES;
				CLANG_WARN_OBJC_LITERAL_CONVERSION = YES;
				CLANG_WARN_OBJC_ROOT_CLASS = YES_ERROR;
				CLANG_WARN_QUOTED_INCLUDE_IN_FRAMEWORK_HEADER = YES;
				CLANG_WARN_RANGE_LOOP_ANALYSIS = YES;
				CLANG_WARN_STRICT_PROTOTYPES = YES;
				CLANG_WARN_SUSPICIOUS_MOVE = YES;
				CLANG_WARN_UNGUARDED_AVAILABILITY = YES_AGGRESSIVE;
				CLANG_WARN_UNREACHABLE_CODE = YES;
				CLANG_WARN__DUPLICATE_METHOD_MATCH = YES;
				COPY_PHASE_STRIP = NO;
				DEBUG_INFORMATION_FORMAT = "dwarf-with-dsym";
				ENABLE_NS_ASSERTIONS = NO;
				ENABLE_STRICT_OBJC_MSGSEND = YES;
				GCC_C_LANGUAGE_STANDARD = gnu11;
				GCC_NO_COMMON_BLOCKS = YES;
				GCC_WARN_64_TO_32_BIT_CONVERSION = YES;
				GCC_WARN_ABOUT_RETURN_TYPE = YES_ERROR;
				GCC_WARN_UNDECLARED_SELECTOR = YES;
				GCC_WARN_UNINITIALIZED_AUTOS = YES_AGGRESSIVE;
				GCC_WARN_UNUSED_FUNCTION = YES;
				GCC_WARN_UNUSED_VARIABLE = YES;
				IPHONEOS_DEPLOYMENT_TARGET = 15.5;
				MTL_ENABLE_DEBUG_INFO = NO;
				MTL_FAST_MATH = YES;
				SDKROOT = iphoneos;
				SWIFT_COMPILATION_MODE = wholemodule;
				SWIFT_OPTIMIZATION_LEVEL = "-O";
				VALIDATE_PRODUCT = YES;
			};
			name = Release;
		};
		5A3450BE2917C1E900F2D1EE /* Debug */ = {
			isa = XCBuildConfiguration;
			baseConfigurationReference = DD3AFF5EB8CC7F8D46A86ACA /* Pods-final-project-shopping.debug.xcconfig */;
			buildSettings = {
				ASSETCATALOG_COMPILER_APPICON_NAME = AppIcon;
				ASSETCATALOG_COMPILER_GLOBAL_ACCENT_COLOR_NAME = AccentColor;
				CODE_SIGN_STYLE = Automatic;
				CURRENT_PROJECT_VERSION = 1;
				DEVELOPMENT_TEAM = ATFVW4W7F2;
				GENERATE_INFOPLIST_FILE = YES;
				INFOPLIST_FILE = "final-project-shopping/App/Plists/Info.plist";
				INFOPLIST_KEY_UIApplicationSupportsIndirectInputEvents = YES;
				INFOPLIST_KEY_UILaunchStoryboardName = LaunchScreen;
				INFOPLIST_KEY_UIMainStoryboardFile = Main;
				INFOPLIST_KEY_UISupportedInterfaceOrientations_iPad = "UIInterfaceOrientationPortrait UIInterfaceOrientationPortraitUpsideDown UIInterfaceOrientationLandscapeLeft UIInterfaceOrientationLandscapeRight";
				INFOPLIST_KEY_UISupportedInterfaceOrientations_iPhone = "UIInterfaceOrientationPortrait UIInterfaceOrientationLandscapeLeft UIInterfaceOrientationLandscapeRight";
				LD_RUNPATH_SEARCH_PATHS = (
					"$(inherited)",
					"@executable_path/Frameworks",
				);
				MARKETING_VERSION = 1.0;
				PRODUCT_BUNDLE_IDENTIFIER = "com.sevvaltiraslar.final-project-shopping";
				PRODUCT_NAME = "$(TARGET_NAME)";
				SWIFT_EMIT_LOC_STRINGS = YES;
				SWIFT_VERSION = 5.0;
				TARGETED_DEVICE_FAMILY = "1,2";
			};
			name = Debug;
		};
		5A3450BF2917C1E900F2D1EE /* Release */ = {
			isa = XCBuildConfiguration;
			baseConfigurationReference = F37BC1622194ABCC83F8CC7D /* Pods-final-project-shopping.release.xcconfig */;
			buildSettings = {
				ASSETCATALOG_COMPILER_APPICON_NAME = AppIcon;
				ASSETCATALOG_COMPILER_GLOBAL_ACCENT_COLOR_NAME = AccentColor;
				CODE_SIGN_STYLE = Automatic;
				CURRENT_PROJECT_VERSION = 1;
				DEVELOPMENT_TEAM = ATFVW4W7F2;
				GENERATE_INFOPLIST_FILE = YES;
				INFOPLIST_FILE = "final-project-shopping/App/Plists/Info.plist";
				INFOPLIST_KEY_UIApplicationSupportsIndirectInputEvents = YES;
				INFOPLIST_KEY_UILaunchStoryboardName = LaunchScreen;
				INFOPLIST_KEY_UIMainStoryboardFile = Main;
				INFOPLIST_KEY_UISupportedInterfaceOrientations_iPad = "UIInterfaceOrientationPortrait UIInterfaceOrientationPortraitUpsideDown UIInterfaceOrientationLandscapeLeft UIInterfaceOrientationLandscapeRight";
				INFOPLIST_KEY_UISupportedInterfaceOrientations_iPhone = "UIInterfaceOrientationPortrait UIInterfaceOrientationLandscapeLeft UIInterfaceOrientationLandscapeRight";
				LD_RUNPATH_SEARCH_PATHS = (
					"$(inherited)",
					"@executable_path/Frameworks",
				);
				MARKETING_VERSION = 1.0;
				PRODUCT_BUNDLE_IDENTIFIER = "com.sevvaltiraslar.final-project-shopping";
				PRODUCT_NAME = "$(TARGET_NAME)";
				SWIFT_EMIT_LOC_STRINGS = YES;
				SWIFT_VERSION = 5.0;
				TARGETED_DEVICE_FAMILY = "1,2";
			};
			name = Release;
		};
/* End XCBuildConfiguration section */

/* Begin XCConfigurationList section */
		5A3450A42917C1E700F2D1EE /* Build configuration list for PBXProject "final-project-shopping" */ = {
			isa = XCConfigurationList;
			buildConfigurations = (
				5A3450BB2917C1E900F2D1EE /* Debug */,
				5A3450BC2917C1E900F2D1EE /* Release */,
			);
			defaultConfigurationIsVisible = 0;
			defaultConfigurationName = Release;
		};
		5A3450BD2917C1E900F2D1EE /* Build configuration list for PBXNativeTarget "final-project-shopping" */ = {
			isa = XCConfigurationList;
			buildConfigurations = (
				5A3450BE2917C1E900F2D1EE /* Debug */,
				5A3450BF2917C1E900F2D1EE /* Release */,
			);
			defaultConfigurationIsVisible = 0;
			defaultConfigurationName = Release;
		};
/* End XCConfigurationList section */
	};
	rootObject = 5A3450A12917C1E700F2D1EE /* Project object */;
}
